
Microsoft Visual Studio Solution File, Format Version 12.00
# Visual Studio Version 17
VisualStudioVersion = 17.5.33424.131
MinimumVisualStudioVersion = 10.0.40219.1
Project("{9A19103F-16F7-4668-BE54-9A1E7A4F7556}") = "TestNg911CadIfLib", "TestNg911CadIfLib.csproj", "{E34F0C72-5D67-4111-A193-7AD99CA84DFF}"
EndProject
Global
	GlobalSection(SolutionConfigurationPlatforms) = preSolution
		Debug|Any CPU = Debug|Any CPU
		Release|Any CPU = Release|Any CPU
	EndGlobalSection
	GlobalSection(ProjectConfigurationPlatforms) = postSolution
		{E34F0C72-5D67-4111-A193-7AD99CA84DFF}.Debug|Any CPU.ActiveCfg = Debug|Any CPU
		{E34F0C72-5D67-4111-A193-7AD99CA84DFF}.Debug|Any CPU.Build.0 = Debug|Any CPU
		{E34F0C72-5D67-4111-A193-7AD99CA84DFF}.Release|Any CPU.ActiveCfg = Release|Any CPU
		{E34F0C72-5D67-4111-A193-7AD99CA84DFF}.Release|Any CPU.Build.0 = Release|Any CPU
	EndGlobalSection
	GlobalSection(SolutionProperties) = preSolution
		HideSolutionNode = FALSE
	EndGlobalSection
	GlobalSection(ExtensibilityGlobals) = postSolution
		SolutionGuid = {E44B039C-F4E5-4248-995D-3331F7F62CCC}
	EndGlobalSection
EndGlobal
